{
  "nodes": {
    "flake-compat": {
      "flake": false,
      "locked": {
        "lastModified": 1733328505,
        "narHash": "sha256-NeCCThCEP3eCl2l/+27kNNK7QrwZB1IJCrXfrbv5oqU=",
        "owner": "edolstra",
        "repo": "flake-compat",
        "rev": "ff81ac966bb2cae68946d5ed5fc4994f96d0ffec",
        "type": "github"
      },
      "original": {
        "owner": "edolstra",
        "repo": "flake-compat",
        "type": "github"
      }
    },
    "flake-parts": {
      "inputs": {
        "nixpkgs-lib": "nixpkgs-lib"
      },
      "locked": {
        "lastModified": 1749398372,
        "narHash": "sha256-tYBdgS56eXYaWVW3fsnPQ/nFlgWi/Z2Ymhyu21zVM98=",
        "owner": "hercules-ci",
        "repo": "flake-parts",
        "rev": "9305fe4e5c2a6fcf5ba6a3ff155720fbe4076569",
        "type": "github"
      },
      "original": {
        "owner": "hercules-ci",
        "repo": "flake-parts",
        "type": "github"
      }
    },
    "flake-parts_2": {
      "inputs": {
        "nixpkgs-lib": [
          "nix-snapshotter",
          "nixpkgs"
        ]
      },
      "locked": {
        "lastModified": 1733312601,
        "narHash": "sha256-4pDvzqnegAfRkPwO3wmwBhVi/Sye1mzps0zHWYnP88c=",
        "owner": "hercules-ci",
        "repo": "flake-parts",
        "rev": "205b12d8b7cd4802fbcb8e8ef6a0f1408781a4f9",
        "type": "github"
      },
      "original": {
        "owner": "hercules-ci",
        "repo": "flake-parts",
        "type": "github"
      }
    },
    "globset": {
      "inputs": {
        "nixpkgs-lib": [
          "nix-snapshotter",
          "nixpkgs"
        ]
      },
      "locked": {
        "lastModified": 1729844927,
        "narHash": "sha256-nBkQx23jgpGPk3aU2KcqJCoYvzjsKEjWBePmc2z8N3k=",
        "owner": "pdtpartners",
        "repo": "globset",
        "rev": "eb9d9e64b7ab0a64c34ba4a5a990b66506401c35",
        "type": "github"
      },
      "original": {
        "owner": "pdtpartners",
        "repo": "globset",
        "type": "github"
      }
    },
    "nix-snapshotter": {
      "inputs": {
        "flake-compat": "flake-compat",
        "flake-parts": "flake-parts_2",
        "globset": "globset",
        "nixpkgs": [
          "nixpkgs"
        ]
      },
      "locked": {
        "lastModified": 1734289443,
        "narHash": "sha256-oU3AGvzByR7622kntPUPIHfAreOIktAsJav2ATHuc18=",
        "owner": "pdtpartners",
        "repo": "nix-snapshotter",
        "rev": "387e220d369dfa0ad093035515e8757f83144be8",
        "type": "github"
      },
      "original": {
        "owner": "pdtpartners",
        "repo": "nix-snapshotter",
        "type": "github"
      }
    },
    "nix2container": {
      "inputs": {
        "nixpkgs": [
          "nixpkgs"
        ]
      },
      "locked": {
        "lastModified": 1749158376,
        "narHash": "sha256-uirStFNxauh0lxzBowcp28X+Sq7JgsBIDnbwbAfZwf8=",
        "owner": "nlewo",
        "repo": "nix2container",
        "rev": "0f8974c58755dba441df03598eefd1e1cd50e341",
        "type": "github"
      },
      "original": {
        "owner": "nlewo",
        "repo": "nix2container",
        "type": "github"
      }
    },
    "nixpkgs": {
      "locked": {
        "lastModified": 1750437113,
        "narHash": "sha256-tj9GU7G23lonKgAuRBB84GbgmwkefPj7mgM4EwV6saE=",
        "owner": "NixOS",
        "repo": "nixpkgs",
        "rev": "ff8d74d0097bbdcf430e5e866c0c1d795f138ab4",
        "type": "github"
      },
      "original": {
        "owner": "NixOS",
        "repo": "nixpkgs",
        "type": "github"
      }
    },
    "nixpkgs-lib": {
      "locked": {
        "lastModified": 1748740939,
        "narHash": "sha256-rQaysilft1aVMwF14xIdGS3sj1yHlI6oKQNBRTF40cc=",
        "owner": "nix-community",
        "repo": "nixpkgs.lib",
        "rev": "656a64127e9d791a334452c6b6606d17539476e2",
        "type": "github"
      },
      "original": {
        "owner": "nix-community",
        "repo": "nixpkgs.lib",
        "type": "github"
      }
    },
    "root": {
      "inputs": {
        "flake-parts": "flake-parts",
        "nix-snapshotter": "nix-snapshotter",
        "nix2container": "nix2container",
        "nixpkgs": "nixpkgs"
      }
    }
  },
  "root": "root",
  "version": 7
}
